// !$*UTF8*$!
{
	archiveVersion = 1;
	classes = {
	};
	objectVersion = 50;
	objects = {

/* Begin PBXBuildFile section */
		E5DB822826A4865400DFBFD8 /* main.m in Sources */ = {isa = PBXBuildFile; fileRef = E5DB822726A4865400DFBFD8 /* main.m */; };
		E5DB823226A4877D00DFBFD8 /* NSPrint.m in Sources */ = {isa = PBXBuildFile; fileRef = E5DB823126A4877D00DFBFD8 /* NSPrint.m */; };
		E5DB823826A48B7500DFBFD8 /* StopAudioUnitGraphPlayingBack.m in Sources */ = {isa = PBXBuildFile; fileRef = E5DB823726A48B7500DFBFD8 /* StopAudioUnitGraphPlayingBack.m */; };
		E5DB823D26A48BB400DFBFD8 /* CheckError.m in Sources */ = {isa = PBXBuildFile; fileRef = E5DB823C26A48BB400DFBFD8 /* CheckError.m */; };
/* End PBXBuildFile section */

/* Begin PBXContainerItemProxy section */
		E5DB825826A494C200DFBFD8 /* PBXContainerItemProxy */ = {
			isa = PBXContainerItemProxy;
			containerPortal = E5DB825426A494C100DFBFD8 /* SpeechSynthesisExample.xcodeproj */;
			proxyType = 2;
			remoteGlobalIDString = E5DB824A26A494C100DFBFD8;
			remoteInfo = SpeechSynthesisExample;
		};
/* End PBXContainerItemProxy section */

/* Begin PBXCopyFilesBuildPhase section */
		E5DB822226A4865400DFBFD8 /* CopyFiles */ = {
			isa = PBXCopyFilesBuildPhase;
			buildActionMask = 2147483647;
			dstPath = /usr/share/man/man1/;
			dstSubfolderSpec = 0;
			files = (
			);
			runOnlyForDeploymentPostprocessing = 1;
		};
/* End PBXCopyFilesBuildPhase section */

/* Begin PBXFileReference section */
		E5DB822426A4865400DFBFD8 /* SpeechSynthesisWithAudioUnits */ = {isa = PBXFileReference; explicitFileType = "compiled.mach-o.executable"; includeInIndex = 0; path = SpeechSynthesisWithAudioUnits; sourceTree = BUILT_PRODUCTS_DIR; };
		E5DB822726A4865400DFBFD8 /* main.m */ = {isa = PBXFileReference; lastKnownFileType = sourcecode.c.objc; path = main.m; sourceTree = "<group>"; };
		E5DB822F26A486D100DFBFD8 /* MyAUGraphPlayer.h */ = {isa = PBXFileReference; lastKnownFileType = sourcecode.c.h; path = MyAUGraphPlayer.h; sourceTree = "<group>"; };
		E5DB823126A4877D00DFBFD8 /* NSPrint.m */ = {isa = PBXFileReference; fileEncoding = 4; lastKnownFileType = sourcecode.c.objc; path = NSPrint.m; sourceTree = "<group>"; };
		E5DB823426A4878500DFBFD8 /* NSPrint.h */ = {isa = PBXFileReference; lastKnownFileType = sourcecode.c.h; path = NSPrint.h; sourceTree = "<group>"; };
		E5DB823726A48B7500DFBFD8 /* StopAudioUnitGraphPlayingBack.m */ = {isa = PBXFileReference; fileEncoding = 4; lastKnownFileType = sourcecode.c.objc; path = StopAudioUnitGraphPlayingBack.m; sourceTree = "<group>"; };
		E5DB823A26A48B7D00DFBFD8 /* StopAudioUnitGraphPlayingBack.h */ = {isa = PBXFileReference; lastKnownFileType = sourcecode.c.h; path = StopAudioUnitGraphPlayingBack.h; sourceTree = "<group>"; };
		E5DB823C26A48BB400DFBFD8 /* CheckError.m */ = {isa = PBXFileReference; fileEncoding = 4; lastKnownFileType = sourcecode.c.objc; path = CheckError.m; sourceTree = "<group>"; };
		E5DB823F26A48BBE00DFBFD8 /* CheckError.h */ = {isa = PBXFileReference; lastKnownFileType = sourcecode.c.h; path = CheckError.h; sourceTree = "<group>"; };
		E5DB825426A494C100DFBFD8 /* SpeechSynthesisExample.xcodeproj */ = {isa = PBXFileReference; lastKnownFileType = "wrapper.pb-project"; name = SpeechSynthesisExample.xcodeproj; path = ../SpeechSynthesisExample/SpeechSynthesisExample.xcodeproj; sourceTree = "<group>"; };
/* End PBXFileReference section */

/* Begin PBXFrameworksBuildPhase section */
		E5DB822126A4865400DFBFD8 /* Frameworks */ = {
			isa = PBXFrameworksBuildPhase;
			buildActionMask = 2147483647;
			files = (
			);
			runOnlyForDeploymentPostprocessing = 0;
		};
/* End PBXFrameworksBuildPhase section */

/* Begin PBXGroup section */
		E5DB821B26A4865400DFBFD8 = {
			isa = PBXGroup;
			children = (
				E5DB825426A494C100DFBFD8 /* SpeechSynthesisExample.xcodeproj */,
				E5DB822626A4865400DFBFD8 /* SpeechSynthesisWithAudioUnits */,
				E5DB822526A4865400DFBFD8 /* Products */,
			);
			sourceTree = "<group>";
		};
		E5DB822526A4865400DFBFD8 /* Products */ = {
			isa = PBXGroup;
			children = (
				E5DB822426A4865400DFBFD8 /* SpeechSynthesisWithAudioUnits */,
			);
			name = Products;
			sourceTree = "<group>";
		};
		E5DB822626A4865400DFBFD8 /* SpeechSynthesisWithAudioUnits */ = {
			isa = PBXGroup;
			children = (
				E5DB823626A48B5300DFBFD8 /* AudioUtils */,
				E5DB823026A4871400DFBFD8 /* Utils */,
				E5DB822726A4865400DFBFD8 /* main.m */,
				E5DB822F26A486D100DFBFD8 /* MyAUGraphPlayer.h */,
			);
			path = SpeechSynthesisWithAudioUnits;
			sourceTree = "<group>";
		};
		E5DB823026A4871400DFBFD8 /* Utils */ = {
			isa = PBXGroup;
			children = (
				E5DB823F26A48BBE00DFBFD8 /* CheckError.h */,
				E5DB823C26A48BB400DFBFD8 /* CheckError.m */,
				E5DB823426A4878500DFBFD8 /* NSPrint.h */,
				E5DB823126A4877D00DFBFD8 /* NSPrint.m */,
			);
			path = Utils;
			sourceTree = "<group>";
		};
		E5DB823626A48B5300DFBFD8 /* AudioUtils */ = {
			isa = PBXGroup;
			children = (
				E5DB823A26A48B7D00DFBFD8 /* StopAudioUnitGraphPlayingBack.h */,
				E5DB823726A48B7500DFBFD8 /* StopAudioUnitGraphPlayingBack.m */,
			);
			path = AudioUtils;
			sourceTree = "<group>";
		};
		E5DB825526A494C100DFBFD8 /* Products */ = {
			isa = PBXGroup;
			children = (
				E5DB825926A494C200DFBFD8 /* SpeechSynthesisExample */,
			);
			name = Products;
			sourceTree = "<group>";
		};
/* End PBXGroup section */

/* Begin PBXNativeTarget section */
		E5DB822326A4865400DFBFD8 /* SpeechSynthesisWithAudioUnits */ = {
			isa = PBXNativeTarget;
			buildConfigurationList = E5DB822B26A4865400DFBFD8 /* Build configuration list for PBXNativeTarget "SpeechSynthesisWithAudioUnits" */;
			buildPhases = (
				E5DB822026A4865400DFBFD8 /* Sources */,
				E5DB822126A4865400DFBFD8 /* Frameworks */,
				E5DB822226A4865400DFBFD8 /* CopyFiles */,
			);
			buildRules = (
			);
			dependencies = (
			);
			name = SpeechSynthesisWithAudioUnits;
			productName = SpeechSynthesisWithAudioUnits;
			productReference = E5DB822426A4865400DFBFD8 /* SpeechSynthesisWithAudioUnits */;
			productType = "com.apple.product-type.tool";
		};
/* End PBXNativeTarget section */

/* Begin PBXProject section */
		E5DB821C26A4865400DFBFD8 /* Project object */ = {
			isa = PBXProject;
			attributes = {
				LastUpgradeCheck = 1240;
				TargetAttributes = {
					E5DB822326A4865400DFBFD8 = {
						CreatedOnToolsVersion = 12.4;
					};
				};
			};
			buildConfigurationList = E5DB821F26A4865400DFBFD8 /* Build configuration list for PBXProject "SpeechSynthesisWithAudioUnits" */;
			compatibilityVersion = "Xcode 9.3";
			developmentRegion = en;
			hasScannedForEncodings = 0;
			knownRegions = (
				en,
				Base,
			);
			mainGroup = E5DB821B26A4865400DFBFD8;
			productRefGroup = E5DB822526A4865400DFBFD8 /* Products */;
			projectDirPath = "";
			projectReferences = (
				{
					ProductGroup = E5DB825526A494C100DFBFD8 /* Products */;
					ProjectRef = E5DB825426A494C100DFBFD8 /* SpeechSynthesisExample.xcodeproj */;
				},
			);
			projectRoot = "";
			targets = (
				E5DB822326A4865400DFBFD8 /* SpeechSynthesisWithAudioUnits */,
			);
		};
/* End PBXProject section */

/* Begin PBXReferenceProxy section */
		E5DB825926A494C200DFBFD8 /* SpeechSynthesisExample */ = {
			isa = PBXReferenceProxy;
			fileType = "compiled.mach-o.executable";
			path = SpeechSynthesisExample;
			remoteRef = E5DB825826A494C200DFBFD8 /* PBXContainerItemProxy */;
			sourceTree = BUILT_PRODUCTS_DIR;
		};
/* End PBXReferenceProxy section */

/* Begin PBXSourcesBuildPhase section */
		E5DB822026A4865400DFBFD8 /* Sources */ = {
			isa = PBXSourcesBuildPhase;
			buildActionMask = 2147483647;
			files = (
				E5DB823226A4877D00DFBFD8 /* NSPrint.m in Sources */,
				E5DB822826A4865400DFBFD8 /* main.m in Sources */,
				E5DB823826A48B7500DFBFD8 /* StopAudioUnitGraphPlayingBack.m in Sources */,
				E5DB823D26A48BB400DFBFD8 /* CheckError.m in Sources */,
			);
			runOnlyForDeploymentPostprocessing = 0;
		};
/* End PBXSourcesBuildPhase section */

/* Begin XCBuildConfiguration section */
		E5DB822926A4865400DFBFD8 /* Debug */ = {
			isa = XCBuildConfiguration;
			buildSettings = {
				ALWAYS_SEARCH_USER_PATHS = NO;
				CLANG_ANALYZER_NONNULL = YES;
				CLANG_ANALYZER_NUMBER_OBJECT_CONVERSION = YES_AGGRESSIVE;
				CLANG_CXX_LANGUAGE_STANDARD = "gnu++14";
				CLANG_CXX_LIBRARY = "libc++";
				CLANG_ENABLE_MODULES = YES;
				CLANG_ENABLE_OBJC_ARC = YES;
				CLANG_ENABLE_OBJC_WEAK = YES;
				CLANG_WARN_BLOCK_CAPTURE_AUTORELEASING = YES;
				CLANG_WARN_BOOL_CONVERSION = YES;
				CLANG_WARN_COMMA = YES;
				CLANG_WARN_CONSTANT_CONVERSION = YES;
				CLANG_WARN_DEPRECATED_OBJC_IMPLEMENTATIONS = YES;
				CLANG_WARN_DIRECT_OBJC_ISA_USAGE = YES_ERROR;
				CLANG_WARN_DOCUMENTATION_COMMENTS = YES;
				CLANG_WARN_EMPTY_BODY = YES;
				CLANG_WARN_ENUM_CONVERSION = YES;
				CLANG_WARN_INFINITE_RECURSION = YES;
				CLANG_WARN_INT_CONVERSION = YES;
				CLANG_WARN_NON_LITERAL_NULL_CONVERSION = YES;
				CLANG_WARN_OBJC_IMPLICIT_RETAIN_SELF = YES;
				CLANG_WARN_OBJC_LITERAL_CONVERSION = YES;
				CLANG_WARN_OBJC_ROOT_CLASS = YES_ERROR;
				CLANG_WARN_QUOTED_INCLUDE_IN_FRAMEWORK_HEADER = YES;
				CLANG_WARN_RANGE_LOOP_ANALYSIS = YES;
				CLANG_WARN_STRICT_PROTOTYPES = YES;
				CLANG_WARN_SUSPICIOUS_MOVE = YES;
				CLANG_WARN_UNGUARDED_AVAILABILITY = YES_AGGRESSIVE;
				CLANG_WARN_UNREACHABLE_CODE = YES;
				CLANG_WARN__DUPLICATE_METHOD_MATCH = YES;
				COPY_PHASE_STRIP = NO;
				DEBUG_INFORMATION_FORMAT = dwarf;
				ENABLE_STRICT_OBJC_MSGSEND = YES;
				ENABLE_TESTABILITY = YES;
				GCC_C_LANGUAGE_STANDARD = gnu11;
				GCC_DYNAMIC_NO_PIC = NO;
				GCC_NO_COMMON_BLOCKS = YES;
				GCC_OPTIMIZATION_LEVEL = 0;
				GCC_PREPROCESSOR_DEFINITIONS = (
					"DEBUG=1",
					"$(inherited)",
				);
				GCC_WARN_64_TO_32_BIT_CONVERSION = YES;
				GCC_WARN_ABOUT_RETURN_TYPE = YES_ERROR;
				GCC_WARN_UNDECLARED_SELECTOR = YES;
				GCC_WARN_UNINITIALIZED_AUTOS = YES_AGGRESSIVE;
				GCC_WARN_UNUSED_FUNCTION = YES;
				GCC_WARN_UNUSED_VARIABLE = YES;
				MACOSX_DEPLOYMENT_TARGET = 10.15;
				MTL_ENABLE_DEBUG_INFO = INCLUDE_SOURCE;
				MTL_FAST_MATH = YES;
				ONLY_ACTIVE_ARCH = YES;
				SDKROOT = macosx;
			};
			name = Debug;
		};
		E5DB822A26A4865400DFBFD8 /* Release */ = {
			isa = XCBuildConfiguration;
			buildSettings = {
				ALWAYS_SEARCH_USER_PATHS = NO;
				CLANG_ANALYZER_NONNULL = YES;
				CLANG_ANALYZER_NUMBER_OBJECT_CONVERSION = YES_AGGRESSIVE;
				CLANG_CXX_LANGUAGE_STANDARD = "gnu++14";
				CLANG_CXX_LIBRARY = "libc++";
				CLANG_ENABLE_MODULES = YES;
				CLANG_ENABLE_OBJC_ARC = YES;
				CLANG_ENABLE_OBJC_WEAK = YES;
				CLANG_WARN_BLOCK_CAPTURE_AUTORELEASING = YES;
				CLANG_WARN_BOOL_CONVERSION = YES;
				CLANG_WARN_COMMA = YES;
				CLANG_WARN_CONSTANT_CONVERSION = YES;
				CLANG_WARN_DEPRECATED_OBJC_IMPLEMENTATIONS = YES;
				CLANG_WARN_DIRECT_OBJC_ISA_USAGE = YES_ERROR;
				CLANG_WARN_DOCUMENTATION_COMMENTS = YES;
				CLANG_WARN_EMPTY_BODY = YES;
				CLANG_WARN_ENUM_CONVERSION = YES;
				CLANG_WARN_INFINITE_RECURSION = YES;
				CLANG_WARN_INT_CONVERSION = YES;
				CLANG_WARN_NON_LITERAL_NULL_CONVERSION = YES;
				CLANG_WARN_OBJC_IMPLICIT_RETAIN_SELF = YES;
				CLANG_WARN_OBJC_LITERAL_CONVERSION = YES;
				CLANG_WARN_OBJC_ROOT_CLASS = YES_ERROR;
				CLANG_WARN_QUOTED_INCLUDE_IN_FRAMEWORK_HEADER = YES;
				CLANG_WARN_RANGE_LOOP_ANALYSIS = YES;
				CLANG_WARN_STRICT_PROTOTYPES = YES;
				CLANG_WARN_SUSPICIOUS_MOVE = YES;
				CLANG_WARN_UNGUARDED_AVAILABILITY = YES_AGGRESSIVE;
				CLANG_WARN_UNREACHABLE_CODE = YES;
				CLANG_WARN__DUPLICATE_METHOD_MATCH = YES;
				COPY_PHASE_STRIP = NO;
				DEBUG_INFORMATION_FORMAT = "dwarf-with-dsym";
				ENABLE_NS_ASSERTIONS = NO;
				ENABLE_STRICT_OBJC_MSGSEND = YES;
				GCC_C_LANGUAGE_STANDARD = gnu11;
				GCC_NO_COMMON_BLOCKS = YES;
				GCC_WARN_64_TO_32_BIT_CONVERSION = YES;
				GCC_WARN_ABOUT_RETURN_TYPE = YES_ERROR;
				GCC_WARN_UNDECLARED_SELECTOR = YES;
				GCC_WARN_UNINITIALIZED_AUTOS = YES_AGGRESSIVE;
				GCC_WARN_UNUSED_FUNCTION = YES;
				GCC_WARN_UNUSED_VARIABLE = YES;
				MACOSX_DEPLOYMENT_TARGET = 10.15;
				MTL_ENABLE_DEBUG_INFO = NO;
				MTL_FAST_MATH = YES;
				SDKROOT = macosx;
			};
			name = Release;
		};
		E5DB822C26A4865400DFBFD8 /* Debug */ = {
			isa = XCBuildConfiguration;
			buildSettings = {
				CODE_SIGN_STYLE = Automatic;
				DEVELOPMENT_TEAM = 6EA52N78QZ;
				ENABLE_HARDENED_RUNTIME = YES;
				PRODUCT_NAME = "$(TARGET_NAME)";
			};
			name = Debug;
		};
		E5DB822D26A4865400DFBFD8 /* Release */ = {
			isa = XCBuildConfiguration;
			buildSettings = {
				CODE_SIGN_STYLE = Automatic;
				DEVELOPMENT_TEAM = 6EA52N78QZ;
				ENABLE_HARDENED_RUNTIME = YES;
				PRODUCT_NAME = "$(TARGET_NAME)";
			};
			name = Release;
		};
/* End XCBuildConfiguration section */

/* Begin XCConfigurationList section */
		E5DB821F26A4865400DFBFD8 /* Build configuration list for PBXProject "SpeechSynthesisWithAudioUnits" */ = {
			isa = XCConfigurationList;
			buildConfigurations = (
				E5DB822926A4865400DFBFD8 /* Debug */,
				E5DB822A26A4865400DFBFD8 /* Release */,
			);
			defaultConfigurationIsVisible = 0;
			defaultConfigurationName = Release;
		};
		E5DB822B26A4865400DFBFD8 /* Build configuration list for PBXNativeTarget "SpeechSynthesisWithAudioUnits" */ = {
			isa = XCConfigurationList;
			buildConfigurations = (
				E5DB822C26A4865400DFBFD8 /* Debug */,
				E5DB822D26A4865400DFBFD8 /* Release */,
			);
			defaultConfigurationIsVisible = 0;
			defaultConfigurationName = Release;
		};
/* End XCConfigurationList section */
	};
	rootObject = E5DB821C26A4865400DFBFD8 /* Project object */;
}
